
Microsoft Visual Studio Solution File, Format Version 12.00
# Visual Studio Version 17
VisualStudioVersion = 17.4.33122.133
MinimumVisualStudioVersion = 10.0.40219.1
Project("{9A19103F-16F7-4668-BE54-9A1E7A4F7556}") = "MyApi", "MyApi.csproj", "{99EAD126-E363-444D-A7EC-8E6EA00F6995}"
EndProject
Global
	GlobalSection(SolutionConfigurationPlatforms) = preSolution
		Debug|Any CPU = Debug|Any CPU
		Release|Any CPU = Release|Any CPU
	EndGlobalSection
	GlobalSection(ProjectConfigurationPlatforms) = postSolution
		{99EAD126-E363-444D-A7EC-8E6EA00F6995}.Debug|Any CPU.ActiveCfg = Debug|Any CPU
		{99EAD126-E363-444D-A7EC-8E6EA00F6995}.Debug|Any CPU.Build.0 = Debug|Any CPU
		{99EAD126-E363-444D-A7EC-8E6EA00F6995}.Release|Any CPU.ActiveCfg = Release|Any CPU
		{99EAD126-E363-444D-A7EC-8E6EA00F6995}.Release|Any CPU.Build.0 = Release|Any CPU
	EndGlobalSection
	GlobalSection(SolutionProperties) = preSolution
		HideSolutionNode = FALSE
	EndGlobalSection
	GlobalSection(ExtensibilityGlobals) = postSolution
		SolutionGuid = {EC3CD9D7-4F3F-43BD-B3C4-AC0E95EB0C46}
	EndGlobalSection
EndGlobal
